
Microsoft Visual Studio Solution File, Format Version 12.00
# Visual Studio Version 17
VisualStudioVersion = 17.8.34316.72
MinimumVisualStudioVersion = 10.0.40219.1
Project("{8BC9CEB8-8B4A-11D0-8D11-00A0C91BC942}") = "Lab1(OOP1)", "Lab1(OOP1)\Lab1(OOP1).vcxproj", "{094A74A7-73D5-4B05-9867-4C9FA3008EA2}"
EndProject
Global
	GlobalSection(SolutionConfigurationPlatforms) = preSolution
		Debug|x64 = Debug|x64
		Debug|x86 = Debug|x86
		Release|x64 = Release|x64
		Release|x86 = Release|x86
	EndGlobalSection
	GlobalSection(ProjectConfigurationPlatforms) = postSolution
		{094A74A7-73D5-4B05-9867-4C9FA3008EA2}.Debug|x64.ActiveCfg = Debug|x64
		{094A74A7-73D5-4B05-9867-4C9FA3008EA2}.Debug|x64.Build.0 = Debug|x64
		{094A74A7-73D5-4B05-9867-4C9FA3008EA2}.Debug|x86.ActiveCfg = Debug|Win32
		{094A74A7-73D5-4B05-9867-4C9FA3008EA2}.Debug|x86.Build.0 = Debug|Win32
		{094A74A7-73D5-4B05-9867-4C9FA3008EA2}.Release|x64.ActiveCfg = Release|x64
		{094A74A7-73D5-4B05-9867-4C9FA3008EA2}.Release|x64.Build.0 = Release|x64
		{094A74A7-73D5-4B05-9867-4C9FA3008EA2}.Release|x86.ActiveCfg = Release|Win32
		{094A74A7-73D5-4B05-9867-4C9FA3008EA2}.Release|x86.Build.0 = Release|Win32
	EndGlobalSection
	GlobalSection(SolutionProperties) = preSolution
		HideSolutionNode = FALSE
	EndGlobalSection
	GlobalSection(ExtensibilityGlobals) = postSolution
		SolutionGuid = {0C409CB7-B24A-4345-8D74-9650F3BE9012}
	EndGlobalSection
EndGlobal
